
Microsoft Visual Studio Solution File, Format Version 12.00
# Visual Studio 14
VisualStudioVersion = 14.0.25420.1
MinimumVisualStudioVersion = 10.0.40219.1
Project("{FAE04EC0-301F-11D3-BF4B-00C04F79EFBC}") = "152113025_Dernek_Takip_Programi", "152113025_Dernek_Takip_Programi\152113025_Dernek_Takip_Programi.csproj", "{30A35B01-0094-4A61-A2A6-45A69519FB86}"
EndProject
Global
	GlobalSection(SolutionConfigurationPlatforms) = preSolution
		Debug|Any CPU = Debug|Any CPU
		Release|Any CPU = Release|Any CPU
	EndGlobalSection
	GlobalSection(ProjectConfigurationPlatforms) = postSolution
		{30A35B01-0094-4A61-A2A6-45A69519FB86}.Debug|Any CPU.ActiveCfg = Debug|Any CPU
		{30A35B01-0094-4A61-A2A6-45A69519FB86}.Debug|Any CPU.Build.0 = Debug|Any CPU
		{30A35B01-0094-4A61-A2A6-45A69519FB86}.Release|Any CPU.ActiveCfg = Release|Any CPU
		{30A35B01-0094-4A61-A2A6-45A69519FB86}.Release|Any CPU.Build.0 = Release|Any CPU
	EndGlobalSection
	GlobalSection(SolutionProperties) = preSolution
		HideSolutionNode = FALSE
	EndGlobalSection
EndGlobal
